// !$*UTF8*$!
{
	archiveVersion = 1;
	classes = {
	};
	objectVersion = 50;
	objects = {

/* Begin PBXBuildFile section */
		A3E2B18920F1EBD1009312BB /* Main.storyboard in Resources */ = {isa = PBXBuildFile; fileRef = A3E2B18720F1EBD1009312BB /* Main.storyboard */; };
		A3E2B18E20F1EBD2009312BB /* LaunchScreen.storyboard in Resources */ = {isa = PBXBuildFile; fileRef = A3E2B18C20F1EBD2009312BB /* LaunchScreen.storyboard */; };
		A3E2B19920F1EBD2009312BB /* MoviesCollectionTests.swift in Sources */ = {isa = PBXBuildFile; fileRef = A3E2B19820F1EBD2009312BB /* MoviesCollectionTests.swift */; };
		A3E2B1A420F1EBD2009312BB /* MoviesCollectionUITests.swift in Sources */ = {isa = PBXBuildFile; fileRef = A3E2B1A320F1EBD2009312BB /* MoviesCollectionUITests.swift */; };
		A3E2B1B620F1EC21009312BB /* Assets.xcassets in Resources */ = {isa = PBXBuildFile; fileRef = A3E2B1B120F1EC21009312BB /* Assets.xcassets */; };
		A3E2B1B820F1EC21009312BB /* AppDelegate.swift in Sources */ = {isa = PBXBuildFile; fileRef = A3E2B1B320F1EC21009312BB /* AppDelegate.swift */; };
		A3E2B1B920F1EC21009312BB /* Info.plist in Resources */ = {isa = PBXBuildFile; fileRef = A3E2B1B420F1EC21009312BB /* Info.plist */; };
		A3E2B1BA20F1EC21009312BB /* ViewController.swift in Sources */ = {isa = PBXBuildFile; fileRef = A3E2B1B520F1EC21009312BB /* ViewController.swift */; };
/* End PBXBuildFile section */

/* Begin PBXContainerItemProxy section */
		A3E2B19520F1EBD2009312BB /* PBXContainerItemProxy */ = {
			isa = PBXContainerItemProxy;
			containerPortal = A3E2B17820F1EBD1009312BB /* Project object */;
			proxyType = 1;
			remoteGlobalIDString = A3E2B17F20F1EBD1009312BB;
			remoteInfo = MoviesCollection;
		};
		A3E2B1A020F1EBD2009312BB /* PBXContainerItemProxy */ = {
			isa = PBXContainerItemProxy;
			containerPortal = A3E2B17820F1EBD1009312BB /* Project object */;
			proxyType = 1;
			remoteGlobalIDString = A3E2B17F20F1EBD1009312BB;
			remoteInfo = MoviesCollection;
		};
/* End PBXContainerItemProxy section */

/* Begin PBXFileReference section */
		A3E2B18020F1EBD1009312BB /* MoviesCollection.app */ = {isa = PBXFileReference; explicitFileType = wrapper.application; includeInIndex = 0; path = MoviesCollection.app; sourceTree = BUILT_PRODUCTS_DIR; };
		A3E2B18820F1EBD1009312BB /* Base */ = {isa = PBXFileReference; lastKnownFileType = file.storyboard; name = Base; path = Base.lproj/Main.storyboard; sourceTree = "<group>"; };
		A3E2B18D20F1EBD2009312BB /* Base */ = {isa = PBXFileReference; lastKnownFileType = file.storyboard; name = Base; path = Base.lproj/LaunchScreen.storyboard; sourceTree = "<group>"; };
		A3E2B19420F1EBD2009312BB /* MoviesCollectionTests.xctest */ = {isa = PBXFileReference; explicitFileType = wrapper.cfbundle; includeInIndex = 0; path = MoviesCollectionTests.xctest; sourceTree = BUILT_PRODUCTS_DIR; };
		A3E2B19820F1EBD2009312BB /* MoviesCollectionTests.swift */ = {isa = PBXFileReference; lastKnownFileType = sourcecode.swift; path = MoviesCollectionTests.swift; sourceTree = "<group>"; };
		A3E2B19A20F1EBD2009312BB /* Info.plist */ = {isa = PBXFileReference; lastKnownFileType = text.plist.xml; path = Info.plist; sourceTree = "<group>"; };
		A3E2B19F20F1EBD2009312BB /* MoviesCollectionUITests.xctest */ = {isa = PBXFileReference; explicitFileType = wrapper.cfbundle; includeInIndex = 0; path = MoviesCollectionUITests.xctest; sourceTree = BUILT_PRODUCTS_DIR; };
		A3E2B1A320F1EBD2009312BB /* MoviesCollectionUITests.swift */ = {isa = PBXFileReference; lastKnownFileType = sourcecode.swift; path = MoviesCollectionUITests.swift; sourceTree = "<group>"; };
		A3E2B1A520F1EBD2009312BB /* Info.plist */ = {isa = PBXFileReference; lastKnownFileType = text.plist.xml; path = Info.plist; sourceTree = "<group>"; };
		A3E2B1B120F1EC21009312BB /* Assets.xcassets */ = {isa = PBXFileReference; lastKnownFileType = folder.assetcatalog; path = Assets.xcassets; sourceTree = "<group>"; };
		A3E2B1B320F1EC21009312BB /* AppDelegate.swift */ = {isa = PBXFileReference; fileEncoding = 4; lastKnownFileType = sourcecode.swift; path = AppDelegate.swift; sourceTree = "<group>"; };
		A3E2B1B420F1EC21009312BB /* Info.plist */ = {isa = PBXFileReference; fileEncoding = 4; lastKnownFileType = text.plist.xml; path = Info.plist; sourceTree = "<group>"; };
		A3E2B1B520F1EC21009312BB /* ViewController.swift */ = {isa = PBXFileReference; fileEncoding = 4; lastKnownFileType = sourcecode.swift; path = ViewController.swift; sourceTree = "<group>"; };
/* End PBXFileReference section */

/* Begin PBXFrameworksBuildPhase section */
		A3E2B17D20F1EBD1009312BB /* Frameworks */ = {
			isa = PBXFrameworksBuildPhase;
			buildActionMask = 2147483647;
			files = (
			);
			runOnlyForDeploymentPostprocessing = 0;
		};
		A3E2B19120F1EBD2009312BB /* Frameworks */ = {
			isa = PBXFrameworksBuildPhase;
			buildActionMask = 2147483647;
			files = (
			);
			runOnlyForDeploymentPostprocessing = 0;
		};
		A3E2B19C20F1EBD2009312BB /* Frameworks */ = {
			isa = PBXFrameworksBuildPhase;
			buildActionMask = 2147483647;
			files = (
			);
			runOnlyForDeploymentPostprocessing = 0;
		};
/* End PBXFrameworksBuildPhase section */

/* Begin PBXGroup section */
		A3E2B17720F1EBD1009312BB = {
			isa = PBXGroup;
			children = (
				A3E2B18220F1EBD1009312BB /* MoviesCollection */,
				A3E2B19720F1EBD2009312BB /* MoviesCollectionTests */,
				A3E2B1A220F1EBD2009312BB /* MoviesCollectionUITests */,
				A3E2B18120F1EBD1009312BB /* Products */,
			);
			sourceTree = "<group>";
		};
		A3E2B18120F1EBD1009312BB /* Products */ = {
			isa = PBXGroup;
			children = (
				A3E2B18020F1EBD1009312BB /* MoviesCollection.app */,
				A3E2B19420F1EBD2009312BB /* MoviesCollectionTests.xctest */,
				A3E2B19F20F1EBD2009312BB /* MoviesCollectionUITests.xctest */,
			);
			name = Products;
			sourceTree = "<group>";
		};
		A3E2B18220F1EBD1009312BB /* MoviesCollection */ = {
			isa = PBXGroup;
			children = (
				A3E2B1B320F1EC21009312BB /* AppDelegate.swift */,
				A3E2B1B120F1EC21009312BB /* Assets.xcassets */,
				A3E2B1B420F1EC21009312BB /* Info.plist */,
				A3E2B1B520F1EC21009312BB /* ViewController.swift */,
				A3E2B18720F1EBD1009312BB /* Main.storyboard */,
				A3E2B18C20F1EBD2009312BB /* LaunchScreen.storyboard */,
			);
			path = MoviesCollection;
			sourceTree = "<group>";
		};
		A3E2B19720F1EBD2009312BB /* MoviesCollectionTests */ = {
			isa = PBXGroup;
			children = (
				A3E2B19820F1EBD2009312BB /* MoviesCollectionTests.swift */,
				A3E2B19A20F1EBD2009312BB /* Info.plist */,
			);
			path = MoviesCollectionTests;
			sourceTree = "<group>";
		};
		A3E2B1A220F1EBD2009312BB /* MoviesCollectionUITests */ = {
			isa = PBXGroup;
			children = (
				A3E2B1A320F1EBD2009312BB /* MoviesCollectionUITests.swift */,
				A3E2B1A520F1EBD2009312BB /* Info.plist */,
			);
			path = MoviesCollectionUITests;
			sourceTree = "<group>";
		};
/* End PBXGroup section */

/* Begin PBXNativeTarget section */
		A3E2B17F20F1EBD1009312BB /* MoviesCollection */ = {
			isa = PBXNativeTarget;
			buildConfigurationList = A3E2B1A820F1EBD2009312BB /* Build configuration list for PBXNativeTarget "MoviesCollection" */;
			buildPhases = (
				A3E2B17C20F1EBD1009312BB /* Sources */,
				A3E2B17D20F1EBD1009312BB /* Frameworks */,
				A3E2B17E20F1EBD1009312BB /* Resources */,
			);
			buildRules = (
			);
			dependencies = (
			);
			name = MoviesCollection;
			productName = MoviesCollection;
			productReference = A3E2B18020F1EBD1009312BB /* MoviesCollection.app */;
			productType = "com.apple.product-type.application";
		};
		A3E2B19320F1EBD2009312BB /* MoviesCollectionTests */ = {
			isa = PBXNativeTarget;
			buildConfigurationList = A3E2B1AB20F1EBD2009312BB /* Build configuration list for PBXNativeTarget "MoviesCollectionTests" */;
			buildPhases = (
				A3E2B19020F1EBD2009312BB /* Sources */,
				A3E2B19120F1EBD2009312BB /* Frameworks */,
				A3E2B19220F1EBD2009312BB /* Resources */,
			);
			buildRules = (
			);
			dependencies = (
				A3E2B19620F1EBD2009312BB /* PBXTargetDependency */,
			);
			name = MoviesCollectionTests;
			productName = MoviesCollectionTests;
			productReference = A3E2B19420F1EBD2009312BB /* MoviesCollectionTests.xctest */;
			productType = "com.apple.product-type.bundle.unit-test";
		};
		A3E2B19E20F1EBD2009312BB /* MoviesCollectionUITests */ = {
			isa = PBXNativeTarget;
			buildConfigurationList = A3E2B1AE20F1EBD2009312BB /* Build configuration list for PBXNativeTarget "MoviesCollectionUITests" */;
			buildPhases = (
				A3E2B19B20F1EBD2009312BB /* Sources */,
				A3E2B19C20F1EBD2009312BB /* Frameworks */,
				A3E2B19D20F1EBD2009312BB /* Resources */,
			);
			buildRules = (
			);
			dependencies = (
				A3E2B1A120F1EBD2009312BB /* PBXTargetDependency */,
			);
			name = MoviesCollectionUITests;
			productName = MoviesCollectionUITests;
			productReference = A3E2B19F20F1EBD2009312BB /* MoviesCollectionUITests.xctest */;
			productType = "com.apple.product-type.bundle.ui-testing";
		};
/* End PBXNativeTarget section */

/* Begin PBXProject section */
		A3E2B17820F1EBD1009312BB /* Project object */ = {
			isa = PBXProject;
			attributes = {
				LastSwiftUpdateCheck = 0940;
				LastUpgradeCheck = 0940;
				ORGANIZATIONNAME = nitesh;
				TargetAttributes = {
					A3E2B17F20F1EBD1009312BB = {
						CreatedOnToolsVersion = 9.4.1;
						LastSwiftMigration = 0940;
					};
					A3E2B19320F1EBD2009312BB = {
						CreatedOnToolsVersion = 9.4.1;
						TestTargetID = A3E2B17F20F1EBD1009312BB;
					};
					A3E2B19E20F1EBD2009312BB = {
						CreatedOnToolsVersion = 9.4.1;
						TestTargetID = A3E2B17F20F1EBD1009312BB;
					};
				};
			};
			buildConfigurationList = A3E2B17B20F1EBD1009312BB /* Build configuration list for PBXProject "MoviesCollection" */;
			compatibilityVersion = "Xcode 9.3";
			developmentRegion = en;
			hasScannedForEncodings = 0;
			knownRegions = (
				en,
				Base,
			);
			mainGroup = A3E2B17720F1EBD1009312BB;
			productRefGroup = A3E2B18120F1EBD1009312BB /* Products */;
			projectDirPath = "";
			projectRoot = "";
			targets = (
				A3E2B17F20F1EBD1009312BB /* MoviesCollection */,
				A3E2B19320F1EBD2009312BB /* MoviesCollectionTests */,
				A3E2B19E20F1EBD2009312BB /* MoviesCollectionUITests */,
			);
		};
/* End PBXProject section */

/* Begin PBXResourcesBuildPhase section */
		A3E2B17E20F1EBD1009312BB /* Resources */ = {
			isa = PBXResourcesBuildPhase;
			buildActionMask = 2147483647;
			files = (
				A3E2B18E20F1EBD2009312BB /* LaunchScreen.storyboard in Resources */,
				A3E2B1B620F1EC21009312BB /* Assets.xcassets in Resources */,
				A3E2B1B920F1EC21009312BB /* Info.plist in Resources */,
				A3E2B18920F1EBD1009312BB /* Main.storyboard in Resources */,
			);
			runOnlyForDeploymentPostprocessing = 0;
		};
		A3E2B19220F1EBD2009312BB /* Resources */ = {
			isa = PBXResourcesBuildPhase;
			buildActionMask = 2147483647;
			files = (
			);
			runOnlyForDeploymentPostprocessing = 0;
		};
		A3E2B19D20F1EBD2009312BB /* Resources */ = {
			isa = PBXResourcesBuildPhase;
			buildActionMask = 2147483647;
			files = (
			);
			runOnlyForDeploymentPostprocessing = 0;
		};
/* End PBXResourcesBuildPhase section */

/* Begin PBXSourcesBuildPhase section */
		A3E2B17C20F1EBD1009312BB /* Sources */ = {
			isa = PBXSourcesBuildPhase;
			buildActionMask = 2147483647;
			files = (
				A3E2B1BA20F1EC21009312BB /* ViewController.swift in Sources */,
				A3E2B1B820F1EC21009312BB /* AppDelegate.swift in Sources */,
			);
			runOnlyForDeploymentPostprocessing = 0;
		};
		A3E2B19020F1EBD2009312BB /* Sources */ = {
			isa = PBXSourcesBuildPhase;
			buildActionMask = 2147483647;
			files = (
				A3E2B19920F1EBD2009312BB /* MoviesCollectionTests.swift in Sources */,
			);
			runOnlyForDeploymentPostprocessing = 0;
		};
		A3E2B19B20F1EBD2009312BB /* Sources */ = {
			isa = PBXSourcesBuildPhase;
			buildActionMask = 2147483647;
			files = (
				A3E2B1A420F1EBD2009312BB /* MoviesCollectionUITests.swift in Sources */,
			);
			runOnlyForDeploymentPostprocessing = 0;
		};
/* End PBXSourcesBuildPhase section */

/* Begin PBXTargetDependency section */
		A3E2B19620F1EBD2009312BB /* PBXTargetDependency */ = {
			isa = PBXTargetDependency;
			target = A3E2B17F20F1EBD1009312BB /* MoviesCollection */;
			targetProxy = A3E2B19520F1EBD2009312BB /* PBXContainerItemProxy */;
		};
		A3E2B1A120F1EBD2009312BB /* PBXTargetDependency */ = {
			isa = PBXTargetDependency;
			target = A3E2B17F20F1EBD1009312BB /* MoviesCollection */;
			targetProxy = A3E2B1A020F1EBD2009312BB /* PBXContainerItemProxy */;
		};
/* End PBXTargetDependency section */

/* Begin PBXVariantGroup section */
		A3E2B18720F1EBD1009312BB /* Main.storyboard */ = {
			isa = PBXVariantGroup;
			children = (
				A3E2B18820F1EBD1009312BB /* Base */,
			);
			name = Main.storyboard;
			sourceTree = "<group>";
		};
		A3E2B18C20F1EBD2009312BB /* LaunchScreen.storyboard */ = {
			isa = PBXVariantGroup;
			children = (
				A3E2B18D20F1EBD2009312BB /* Base */,
			);
			name = LaunchScreen.storyboard;
			sourceTree = "<group>";
		};
/* End PBXVariantGroup section */

/* Begin XCBuildConfiguration section */
		A3E2B1A620F1EBD2009312BB /* Debug */ = {
			isa = XCBuildConfiguration;
			buildSettings = {
				ALWAYS_SEARCH_USER_PATHS = NO;
				CLANG_ANALYZER_NONNULL = YES;
				CLANG_ANALYZER_NUMBER_OBJECT_CONVERSION = YES_AGGRESSIVE;
				CLANG_CXX_LANGUAGE_STANDARD = "gnu++14";
				CLANG_CXX_LIBRARY = "libc++";
				CLANG_ENABLE_MODULES = YES;
				CLANG_ENABLE_OBJC_ARC = YES;
				CLANG_ENABLE_OBJC_WEAK = YES;
				CLANG_WARN_BLOCK_CAPTURE_AUTORELEASING = YES;
				CLANG_WARN_BOOL_CONVERSION = YES;
				CLANG_WARN_COMMA = YES;
				CLANG_WARN_CONSTANT_CONVERSION = YES;
				CLANG_WARN_DEPRECATED_OBJC_IMPLEMENTATIONS = YES;
				CLANG_WARN_DIRECT_OBJC_ISA_USAGE = YES_ERROR;
				CLANG_WARN_DOCUMENTATION_COMMENTS = YES;
				CLANG_WARN_EMPTY_BODY = YES;
				CLANG_WARN_ENUM_CONVERSION = YES;
				CLANG_WARN_INFINITE_RECURSION = YES;
				CLANG_WARN_INT_CONVERSION = YES;
				CLANG_WARN_NON_LITERAL_NULL_CONVERSION = YES;
				CLANG_WARN_OBJC_IMPLICIT_RETAIN_SELF = YES;
				CLANG_WARN_OBJC_LITERAL_CONVERSION = YES;
				CLANG_WARN_OBJC_ROOT_CLASS = YES_ERROR;
				CLANG_WARN_RANGE_LOOP_ANALYSIS = YES;
				CLANG_WARN_STRICT_PROTOTYPES = YES;
				CLANG_WARN_SUSPICIOUS_MOVE = YES;
				CLANG_WARN_UNGUARDED_AVAILABILITY = YES_AGGRESSIVE;
				CLANG_WARN_UNREACHABLE_CODE = YES;
				CLANG_WARN__DUPLICATE_METHOD_MATCH = YES;
				CODE_SIGN_IDENTITY = "iPhone Developer";
				COPY_PHASE_STRIP = NO;
				DEBUG_INFORMATION_FORMAT = dwarf;
				ENABLE_STRICT_OBJC_MSGSEND = YES;
				ENABLE_TESTABILITY = YES;
				GCC_C_LANGUAGE_STANDARD = gnu11;
				GCC_DYNAMIC_NO_PIC = NO;
				GCC_NO_COMMON_BLOCKS = YES;
				GCC_OPTIMIZATION_LEVEL = 0;
				GCC_PREPROCESSOR_DEFINITIONS = (
					"DEBUG=1",
					"$(inherited)",
				);
				GCC_WARN_64_TO_32_BIT_CONVERSION = YES;
				GCC_WARN_ABOUT_RETURN_TYPE = YES_ERROR;
				GCC_WARN_UNDECLARED_SELECTOR = YES;
				GCC_WARN_UNINITIALIZED_AUTOS = YES_AGGRESSIVE;
				GCC_WARN_UNUSED_FUNCTION = YES;
				GCC_WARN_UNUSED_VARIABLE = YES;
				IPHONEOS_DEPLOYMENT_TARGET = 11.4;
				MTL_ENABLE_DEBUG_INFO = YES;
				ONLY_ACTIVE_ARCH = YES;
				SDKROOT = iphoneos;
				SWIFT_ACTIVE_COMPILATION_CONDITIONS = DEBUG;
				SWIFT_OPTIMIZATION_LEVEL = "-Onone";
			};
			name = Debug;
		};
		A3E2B1A720F1EBD2009312BB /* Release */ = {
			isa = XCBuildConfiguration;
			buildSettings = {
				ALWAYS_SEARCH_USER_PATHS = NO;
				CLANG_ANALYZER_NONNULL = YES;
				CLANG_ANALYZER_NUMBER_OBJECT_CONVERSION = YES_AGGRESSIVE;
				CLANG_CXX_LANGUAGE_STANDARD = "gnu++14";
				CLANG_CXX_LIBRARY = "libc++";
				CLANG_ENABLE_MODULES = YES;
				CLANG_ENABLE_OBJC_ARC = YES;
				CLANG_ENABLE_OBJC_WEAK = YES;
				CLANG_WARN_BLOCK_CAPTURE_AUTORELEASING = YES;
				CLANG_WARN_BOOL_CONVERSION = YES;
				CLANG_WARN_COMMA = YES;
				CLANG_WARN_CONSTANT_CONVERSION = YES;
				CLANG_WARN_DEPRECATED_OBJC_IMPLEMENTATIONS = YES;
				CLANG_WARN_DIRECT_OBJC_ISA_USAGE = YES_ERROR;
				CLANG_WARN_DOCUMENTATION_COMMENTS = YES;
				CLANG_WARN_EMPTY_BODY = YES;
				CLANG_WARN_ENUM_CONVERSION = YES;
				CLANG_WARN_INFINITE_RECURSION = YES;
				CLANG_WARN_INT_CONVERSION = YES;
				CLANG_WARN_NON_LITERAL_NULL_CONVERSION = YES;
				CLANG_WARN_OBJC_IMPLICIT_RETAIN_SELF = YES;
				CLANG_WARN_OBJC_LITERAL_CONVERSION = YES;
				CLANG_WARN_OBJC_ROOT_CLASS = YES_ERROR;
				CLANG_WARN_RANGE_LOOP_ANALYSIS = YES;
				CLANG_WARN_STRICT_PROTOTYPES = YES;
				CLANG_WARN_SUSPICIOUS_MOVE = YES;
				CLANG_WARN_UNGUARDED_AVAILABILITY = YES_AGGRESSIVE;
				CLANG_WARN_UNREACHABLE_CODE = YES;
				CLANG_WARN__DUPLICATE_METHOD_MATCH = YES;
				CODE_SIGN_IDENTITY = "iPhone Developer";
				COPY_PHASE_STRIP = NO;
				DEBUG_INFORMATION_FORMAT = "dwarf-with-dsym";
				ENABLE_NS_ASSERTIONS = NO;
				ENABLE_STRICT_OBJC_MSGSEND = YES;
				GCC_C_LANGUAGE_STANDARD = gnu11;
				GCC_NO_COMMON_BLOCKS = YES;
				GCC_WARN_64_TO_32_BIT_CONVERSION = YES;
				GCC_WARN_ABOUT_RETURN_TYPE = YES_ERROR;
				GCC_WARN_UNDECLARED_SELECTOR = YES;
				GCC_WARN_UNINITIALIZED_AUTOS = YES_AGGRESSIVE;
				GCC_WARN_UNUSED_FUNCTION = YES;
				GCC_WARN_UNUSED_VARIABLE = YES;
				IPHONEOS_DEPLOYMENT_TARGET = 11.4;
				MTL_ENABLE_DEBUG_INFO = NO;
				SDKROOT = iphoneos;
				SWIFT_COMPILATION_MODE = wholemodule;
				SWIFT_OPTIMIZATION_LEVEL = "-O";
				VALIDATE_PRODUCT = YES;
			};
			name = Release;
		};
		A3E2B1A920F1EBD2009312BB /* Debug */ = {
			isa = XCBuildConfiguration;
			buildSettings = {
				ASSETCATALOG_COMPILER_APPICON_NAME = AppIcon;
				CLANG_ENABLE_MODULES = YES;
				CODE_SIGN_STYLE = Automatic;
				DEVELOPMENT_TEAM = WY25JZ5T88;
				INFOPLIST_FILE = MoviesCollection/Info.plist;
				LD_RUNPATH_SEARCH_PATHS = (
					"$(inherited)",
					"@executable_path/Frameworks",
				);
				PRODUCT_BUNDLE_IDENTIFIER = com.nitesh.MoviesCollection;
				PRODUCT_NAME = "$(TARGET_NAME)";
				SWIFT_OPTIMIZATION_LEVEL = "-Onone";
				SWIFT_VERSION = 4.0;
				TARGETED_DEVICE_FAMILY = "1,2";
			};
			name = Debug;
		};
		A3E2B1AA20F1EBD2009312BB /* Release */ = {
			isa = XCBuildConfiguration;
			buildSettings = {
				ASSETCATALOG_COMPILER_APPICON_NAME = AppIcon;
				CLANG_ENABLE_MODULES = YES;
				CODE_SIGN_STYLE = Automatic;
				DEVELOPMENT_TEAM = WY25JZ5T88;
				INFOPLIST_FILE = MoviesCollection/Info.plist;
				LD_RUNPATH_SEARCH_PATHS = (
					"$(inherited)",
					"@executable_path/Frameworks",
				);
				PRODUCT_BUNDLE_IDENTIFIER = com.nitesh.MoviesCollection;
				PRODUCT_NAME = "$(TARGET_NAME)";
				SWIFT_VERSION = 4.0;
				TARGETED_DEVICE_FAMILY = "1,2";
			};
			name = Release;
		};
		A3E2B1AC20F1EBD2009312BB /* Debug */ = {
			isa = XCBuildConfiguration;
			buildSettings = {
				ALWAYS_EMBED_SWIFT_STANDARD_LIBRARIES = YES;
				BUNDLE_LOADER = "$(TEST_HOST)";
				CODE_SIGN_STYLE = Automatic;
				DEVELOPMENT_TEAM = WY25JZ5T88;
				INFOPLIST_FILE = MoviesCollectionTests/Info.plist;
				LD_RUNPATH_SEARCH_PATHS = (
					"$(inherited)",
					"@executable_path/Frameworks",
					"@loader_path/Frameworks",
				);
				PRODUCT_BUNDLE_IDENTIFIER = com.nitesh.MoviesCollectionTests;
				PRODUCT_NAME = "$(TARGET_NAME)";
				SWIFT_VERSION = 4.0;
				TARGETED_DEVICE_FAMILY = "1,2";
				TEST_HOST = "$(BUILT_PRODUCTS_DIR)/MoviesCollection.app/MoviesCollection";
			};
			name = Debug;
		};
		A3E2B1AD20F1EBD2009312BB /* Release */ = {
			isa = XCBuildConfiguration;
			buildSettings = {
				ALWAYS_EMBED_SWIFT_STANDARD_LIBRARIES = YES;
				BUNDLE_LOADER = "$(TEST_HOST)";
				CODE_SIGN_STYLE = Automatic;
				DEVELOPMENT_TEAM = WY25JZ5T88;
				INFOPLIST_FILE = MoviesCollectionTests/Info.plist;
				LD_RUNPATH_SEARCH_PATHS = (
					"$(inherited)",
					"@executable_path/Frameworks",
					"@loader_path/Frameworks",
				);
				PRODUCT_BUNDLE_IDENTIFIER = com.nitesh.MoviesCollectionTests;
				PRODUCT_NAME = "$(TARGET_NAME)";
				SWIFT_VERSION = 4.0;
				TARGETED_DEVICE_FAMILY = "1,2";
				TEST_HOST = "$(BUILT_PRODUCTS_DIR)/MoviesCollection.app/MoviesCollection";
			};
			name = Release;
		};
		A3E2B1AF20F1EBD2009312BB /* Debug */ = {
			isa = XCBuildConfiguration;
			buildSettings = {
				ALWAYS_EMBED_SWIFT_STANDARD_LIBRARIES = YES;
				CODE_SIGN_STYLE = Automatic;
				DEVELOPMENT_TEAM = WY25JZ5T88;
				INFOPLIST_FILE = MoviesCollectionUITests/Info.plist;
				LD_RUNPATH_SEARCH_PATHS = (
					"$(inherited)",
					"@executable_path/Frameworks",
					"@loader_path/Frameworks",
				);
				PRODUCT_BUNDLE_IDENTIFIER = com.nitesh.MoviesCollectionUITests;
				PRODUCT_NAME = "$(TARGET_NAME)";
				SWIFT_VERSION = 4.0;
				TARGETED_DEVICE_FAMILY = "1,2";
				TEST_TARGET_NAME = MoviesCollection;
			};
			name = Debug;
		};
		A3E2B1B020F1EBD2009312BB /* Release */ = {
			isa = XCBuildConfiguration;
			buildSettings = {
				ALWAYS_EMBED_SWIFT_STANDARD_LIBRARIES = YES;
				CODE_SIGN_STYLE = Automatic;
				DEVELOPMENT_TEAM = WY25JZ5T88;
				INFOPLIST_FILE = MoviesCollectionUITests/Info.plist;
				LD_RUNPATH_SEARCH_PATHS = (
					"$(inherited)",
					"@executable_path/Frameworks",
					"@loader_path/Frameworks",
				);
				PRODUCT_BUNDLE_IDENTIFIER = com.nitesh.MoviesCollectionUITests;
				PRODUCT_NAME = "$(TARGET_NAME)";
				SWIFT_VERSION = 4.0;
				TARGETED_DEVICE_FAMILY = "1,2";
				TEST_TARGET_NAME = MoviesCollection;
			};
			name = Release;
		};
/* End XCBuildConfiguration section */

/* Begin XCConfigurationList section */
		A3E2B17B20F1EBD1009312BB /* Build configuration list for PBXProject "MoviesCollection" */ = {
			isa = XCConfigurationList;
			buildConfigurations = (
				A3E2B1A620F1EBD2009312BB /* Debug */,
				A3E2B1A720F1EBD2009312BB /* Release */,
			);
			defaultConfigurationIsVisible = 0;
			defaultConfigurationName = Release;
		};
		A3E2B1A820F1EBD2009312BB /* Build configuration list for PBXNativeTarget "MoviesCollection" */ = {
			isa = XCConfigurationList;
			buildConfigurations = (
				A3E2B1A920F1EBD2009312BB /* Debug */,
				A3E2B1AA20F1EBD2009312BB /* Release */,
			);
			defaultConfigurationIsVisible = 0;
			defaultConfigurationName = Release;
		};
		A3E2B1AB20F1EBD2009312BB /* Build configuration list for PBXNativeTarget "MoviesCollectionTests" */ = {
			isa = XCConfigurationList;
			buildConfigurations = (
				A3E2B1AC20F1EBD2009312BB /* Debug */,
				A3E2B1AD20F1EBD2009312BB /* Release */,
			);
			defaultConfigurationIsVisible = 0;
			defaultConfigurationName = Release;
		};
		A3E2B1AE20F1EBD2009312BB /* Build configuration list for PBXNativeTarget "MoviesCollectionUITests" */ = {
			isa = XCConfigurationList;
			buildConfigurations = (
				A3E2B1AF20F1EBD2009312BB /* Debug */,
				A3E2B1B020F1EBD2009312BB /* Release */,
			);
			defaultConfigurationIsVisible = 0;
			defaultConfigurationName = Release;
		};
/* End XCConfigurationList section */
	};
	rootObject = A3E2B17820F1EBD1009312BB /* Project object */;
}
